
Microsoft Visual Studio Solution File, Format Version 12.00
# Visual Studio Version 17
VisualStudioVersion = 17.10.35122.118
MinimumVisualStudioVersion = 10.0.40219.1
Project("{FAE04EC0-301F-11D3-BF4B-00C04F79EFBC}") = "PLM_Lynx", "PLM_Lynx.csproj", "{EE0CBAF3-DD6A-4B35-BB6F-BF77186B463A}"
EndProject
Global
	GlobalSection(SolutionConfigurationPlatforms) = preSolution
		Debug|Any CPU = Debug|Any CPU
		Release|Any CPU = Release|Any CPU
	EndGlobalSection
	GlobalSection(ProjectConfigurationPlatforms) = postSolution
		{EE0CBAF3-DD6A-4B35-BB6F-BF77186B463A}.Debug|Any CPU.ActiveCfg = Debug|Any CPU
		{EE0CBAF3-DD6A-4B35-BB6F-BF77186B463A}.Debug|Any CPU.Build.0 = Debug|Any CPU
		{EE0CBAF3-DD6A-4B35-BB6F-BF77186B463A}.Release|Any CPU.ActiveCfg = Release|Any CPU
		{EE0CBAF3-DD6A-4B35-BB6F-BF77186B463A}.Release|Any CPU.Build.0 = Release|Any CPU
	EndGlobalSection
	GlobalSection(SolutionProperties) = preSolution
		HideSolutionNode = FALSE
	EndGlobalSection
	GlobalSection(ExtensibilityGlobals) = postSolution
		SolutionGuid = {CD60A070-9731-4C9B-BDCD-8DBFBDCCC518}
	EndGlobalSection
EndGlobal
